
Microsoft Visual Studio Solution File, Format Version 12.00
# Visual Studio 14
VisualStudioVersion = 14.0.25420.1
MinimumVisualStudioVersion = 10.0.40219.1
Project("{F14B399A-7131-4C87-9E4B-1186C45EF12D}") = "TransactionReport", "TransactionReport\TransactionReport.rptproj", "{DEAABA53-746E-4DD5-9F7B-42AAD1D465D1}"
EndProject
Global
	GlobalSection(SolutionConfigurationPlatforms) = preSolution
		Debug|Default = Debug|Default
		DebugLocal|Default = DebugLocal|Default
		Release|Default = Release|Default
	EndGlobalSection
	GlobalSection(ProjectConfigurationPlatforms) = postSolution
		{DEAABA53-746E-4DD5-9F7B-42AAD1D465D1}.Debug|Default.ActiveCfg = Debug
		{DEAABA53-746E-4DD5-9F7B-42AAD1D465D1}.Debug|Default.Build.0 = Debug
		{DEAABA53-746E-4DD5-9F7B-42AAD1D465D1}.Debug|Default.Deploy.0 = Debug
		{DEAABA53-746E-4DD5-9F7B-42AAD1D465D1}.DebugLocal|Default.ActiveCfg = DebugLocal
		{DEAABA53-746E-4DD5-9F7B-42AAD1D465D1}.DebugLocal|Default.Build.0 = DebugLocal
		{DEAABA53-746E-4DD5-9F7B-42AAD1D465D1}.Release|Default.ActiveCfg = Release
		{DEAABA53-746E-4DD5-9F7B-42AAD1D465D1}.Release|Default.Build.0 = Release
		{DEAABA53-746E-4DD5-9F7B-42AAD1D465D1}.Release|Default.Deploy.0 = Release
	EndGlobalSection
	GlobalSection(SolutionProperties) = preSolution
		HideSolutionNode = FALSE
	EndGlobalSection
EndGlobal
